
Microsoft Visual Studio Solution File, Format Version 12.00
# Visual Studio Version 17
VisualStudioVersion = 17.1.32228.430
MinimumVisualStudioVersion = 10.0.40219.1
Project("{FAE04EC0-301F-11D3-BF4B-00C04F79EFBC}") = "ControlWork", "ControlWork.csproj", "{34CFF027-D3F7-494C-B23F-C70DB981D09C}"
EndProject
Global
	GlobalSection(SolutionConfigurationPlatforms) = preSolution
		Debug|Any CPU = Debug|Any CPU
		Release|Any CPU = Release|Any CPU
	EndGlobalSection
	GlobalSection(ProjectConfigurationPlatforms) = postSolution
		{34CFF027-D3F7-494C-B23F-C70DB981D09C}.Debug|Any CPU.ActiveCfg = Debug|Any CPU
		{34CFF027-D3F7-494C-B23F-C70DB981D09C}.Debug|Any CPU.Build.0 = Debug|Any CPU
		{34CFF027-D3F7-494C-B23F-C70DB981D09C}.Release|Any CPU.ActiveCfg = Release|Any CPU
		{34CFF027-D3F7-494C-B23F-C70DB981D09C}.Release|Any CPU.Build.0 = Release|Any CPU
	EndGlobalSection
	GlobalSection(SolutionProperties) = preSolution
		HideSolutionNode = FALSE
	EndGlobalSection
	GlobalSection(ExtensibilityGlobals) = postSolution
		SolutionGuid = {2BA47A97-59D0-4CA2-9F00-F7B040687A31}
	EndGlobalSection
EndGlobal
